schema: '2.0'
stages:
  data_ingestion:
    cmd: python src/data_ingestion.py
    deps:
    - path: src/data_ingestion.py
      hash: md5
      md5: 375cccdfebd7513a15d8bb25a4dc4f2d
      size: 3713
    params:
      params.yaml:
        data_ingestion.test_size: 0.21
    outs:
    - path: data/raw
      hash: md5
      md5: 44f3efa6c86106f731cb228a8e101db3.dir
      size: 484846
      nfiles: 2
  data_preprocessing:
    cmd: python src/data_preprocessing.py
    deps:
    - path: data/raw
      hash: md5
      md5: 44f3efa6c86106f731cb228a8e101db3.dir
      size: 484846
      nfiles: 2
    - path: src/data_preprocessing.py
      hash: md5
      md5: 9a48d6ab5eb3cc27ecc29d2e722e8d5f
      size: 4175
    outs:
    - path: data/interim
      hash: md5
      md5: ab021c097a8dad4f1bafdd2f7df8ce24.dir
      size: 262279
      nfiles: 2
  feature_engineering:
    cmd: python src/feature_engineering.py
    deps:
    - path: data/interim
      hash: md5
      md5: ab021c097a8dad4f1bafdd2f7df8ce24.dir
      size: 262279
      nfiles: 2
    - path: src/feature_engineering.py
      hash: md5
      md5: 8aae4ddbe3ec56eca889883c55287822
      size: 3746
    params:
      params.yaml:
        feature_engineering.max_features: 60
    outs:
    - path: data/processed
      hash: md5
      md5: 7a0e9ec26d48658abf96bfba887b0dff.dir
      size: 1416078
      nfiles: 2
  model_building:
    cmd: python src/model_building.py
    deps:
    - path: data/processed
      hash: md5
      md5: 7a0e9ec26d48658abf96bfba887b0dff.dir
      size: 1416078
      nfiles: 2
    - path: src/model_building.py
      hash: md5
      md5: 3fa2c2302a7f739b41b68373aa5b68dc
      size: 3734
    params:
      params.yaml:
        model_building.n_estimators: 25
        model_building.random_state: 2
    outs:
    - path: models/model.pkl
      hash: md5
      md5: eb1704ab233ac2fa310e5684e995164a
      size: 1106135
  model_evaluation:
    cmd: python src/model_evaluation.py
    deps:
    - path: models/model.pkl
      hash: md5
      md5: eb1704ab233ac2fa310e5684e995164a
      size: 1106135
    - path: src/model_evaluation.py
      hash: md5
      md5: 42ede361538fffeb59d520d92b0b5481
      size: 4492
    outs:
    - path: reports/metrics.json
      hash: md5
      md5: 1e276a85adbffc12792dee950d6d4428
      size: 131
